<Solution>
  <Folder Name="/src/">
    <Project Path="src/Fcmr.Approvals.Domain/Fcmr.Approvals.Domain.csproj" />
    <Project Path="src/Fcmr.Demo.Data/Fcmr.Demo.Data.csproj" />
    <Project Path="src/Fcmr.Research.Domain/Fcmr.Research.Domain.csproj" />
    <Project Path="src/Fcmr.Router.Decisions/Fcmr.Router.Decisions.csproj" />
    <Project Path="src/approvals-service/approvals-service.csproj" />
    <Project Path="src/router-service/router-service.csproj" />
  </Folder>
  <Folder Name="/tests/">
    <Project Path="tests/Fcmr.Approvals.Domain.Tests/Fcmr.Approvals.Domain.Tests.csproj" />
    <Project Path="tests/Fcmr.Contract.Tests/Fcmr.Contract.Tests.csproj" />
    <Project Path="tests/Fcmr.Demo.Data.Tests/Fcmr.Demo.Data.Tests.csproj" />
    <Project Path="tests/Fcmr.Persistence.Tests/Fcmr.Persistence.Tests.csproj" />
    <Project Path="tests/Fcmr.Research.Domain.Tests/Fcmr.Research.Domain.Tests.csproj" />
    <Project Path="tests/Fcmr.Router.Decisions.Tests/Fcmr.Router.Decisions.Tests.csproj" />
    <Project Path="tests/Fcmr.RouterService.Tests/Fcmr.RouterService.Tests.csproj" />
  </Folder>
  <Folder Name="/tools/">
    <Project Path="tools/Fcmr.CosmosProvision/Fcmr.CosmosProvision.csproj" />
  </Folder>
</Solution>
